
Microsoft Visual Studio Solution File, Format Version 12.00
# Visual Studio 2013
VisualStudioVersion = 12.0.31101.0
MinimumVisualStudioVersion = 10.0.40219.1
Project("{FAE04EC0-301F-11D3-BF4B-00C04F79EFBC}") = "TimeMachine", "TimeMachine\TimeMachine.csproj", "{9CB715CD-A005-49DA-B63B-C97F66DBD8A2}"
EndProject
Project("{FAE04EC0-301F-11D3-BF4B-00C04F79EFBC}") = "TimeMachine.Tests", "TimeMachine.Tests\TimeMachine.Tests.csproj", "{7C49E126-6F32-485B-A182-4A1FF161C017}"
EndProject
Global
	GlobalSection(SolutionConfigurationPlatforms) = preSolution
		Debug|Any CPU = Debug|Any CPU
		Release|Any CPU = Release|Any CPU
	EndGlobalSection
	GlobalSection(ProjectConfigurationPlatforms) = postSolution
		{9CB715CD-A005-49DA-B63B-C97F66DBD8A2}.Debug|Any CPU.ActiveCfg = Debug|Any CPU
		{9CB715CD-A005-49DA-B63B-C97F66DBD8A2}.Debug|Any CPU.Build.0 = Debug|Any CPU
		{9CB715CD-A005-49DA-B63B-C97F66DBD8A2}.Release|Any CPU.ActiveCfg = Release|Any CPU
		{9CB715CD-A005-49DA-B63B-C97F66DBD8A2}.Release|Any CPU.Build.0 = Release|Any CPU
		{7C49E126-6F32-485B-A182-4A1FF161C017}.Debug|Any CPU.ActiveCfg = Debug|Any CPU
		{7C49E126-6F32-485B-A182-4A1FF161C017}.Debug|Any CPU.Build.0 = Debug|Any CPU
		{7C49E126-6F32-485B-A182-4A1FF161C017}.Release|Any CPU.ActiveCfg = Release|Any CPU
		{7C49E126-6F32-485B-A182-4A1FF161C017}.Release|Any CPU.Build.0 = Release|Any CPU
	EndGlobalSection
	GlobalSection(SolutionProperties) = preSolution
		HideSolutionNode = FALSE
	EndGlobalSection
EndGlobal
